<?xml version="1.0" encoding="utf-8"?>
<Project ToolsVersion="4.0" xmlns="http://schemas.microsoft.com/developer/msbuild/2003">
  <ItemGroup>
    <Filter Include="Source Files">
      <UniqueIdentifier>{4FC737F1-C7A5-4376-A066-2A32D752A2FF}</UniqueIdentifier>
      <Extensions>cpp;c;cc;cxx;def;odl;idl;hpj;bat;asm;asmx</Extensions>
    </Filter>
    <Filter Include="Header Files">
      <UniqueIdentifier>{93995380-89BD-4b04-88EB-625FBE52EBFB}</UniqueIdentifier>
      <Extensions>h;hh;hpp;hxx;hm;inl;inc;xsd</Extensions>
    </Filter>
    <Filter Include="Resource Files">
      <UniqueIdentifier>{67DA6AB6-F800-4c08-8B7A-83BB121AAD01}</UniqueIdentifier>
      <Extensions>rc;ico;cur;bmp;dlg;rc2;rct;bin;rgs;gif;jpg;jpeg;jpe;resx;tiff;tif;png;wav;mfcribbon-ms</Extensions>
    </Filter>
    <Filter Include="Source Files\src">
      <UniqueIdentifier>{3cc0927f-a6d7-4c15-aed4-d55958d853d4}</UniqueIdentifier>
    </Filter>
    <Filter Include="Header Files\src">
      <UniqueIdentifier>{29864020-081a-4338-a406-0af2d334b2ac}</UniqueIdentifier>
    </Filter>
    <Filter Include="Source Files\src\m68000">
      <UniqueIdentifier>{87e70f4b-ccc9-41fc-8edc-0c175bf57730}</UniqueIdentifier>
    </Filter>
    <Filter Include="Header Files\src\m68000">
      <UniqueIdentifier>{c2025bf1-186a-4595-a4bd-2d37016fd01f}</UniqueIdentifier>
    </Filter>
  </ItemGroup>
  <ItemGroup>
    <ClInclude Include="..\libretro.h">
      <Filter>Header Files</Filter>
    </ClInclude>
    <ClInclude Include="..\src\vjag_memory.h">
      <Filter>Header Files\src</Filter>
    </ClInclude>
    <ClInclude Include="..\src\m68000\cpudefs.h">
      <Filter>Header Files\src\m68000</Filter>
    </ClInclude>
    <ClInclude Include="..\src\m68000\m68kinterface.h">
      <Filter>Header Files\src\m68000</Filter>
    </ClInclude>
    <ClInclude Include="..\src\m68000\readcpu.h">
      <Filter>Header Files\src\m68000</Filter>
    </ClInclude>
    <ClInclude Include="..\src\m68000\cpuextra.h">
      <Filter>Header Files\src\m68000</Filter>
    </ClInclude>
  </ItemGroup>
  <ItemGroup>
    <ClCompile Include="..\libretro.c">
      <Filter>Source Files</Filter>
    </ClCompile>
    <ClCompile Include="..\src\blitter.c">
      <Filter>Source Files\src</Filter>
    </ClCompile>
    <ClCompile Include="..\src\dac.c">
      <Filter>Source Files\src</Filter>
    </ClCompile>
    <ClCompile Include="..\src\dsp.c">
      <Filter>Source Files\src</Filter>
    </ClCompile>
    <ClCompile Include="..\src\file.c">
      <Filter>Source Files\src</Filter>
    </ClCompile>
    <ClCompile Include="..\src\gpu.c">
      <Filter>Source Files\src</Filter>
    </ClCompile>
    <ClCompile Include="..\src\jaguar.c">
      <Filter>Source Files\src</Filter>
    </ClCompile>
    <ClCompile Include="..\src\jerry.c">
      <Filter>Source Files\src</Filter>
    </ClCompile>
    <ClCompile Include="..\src\jagdasm.c">
      <Filter>Source Files\src</Filter>
    </ClCompile>
    <ClCompile Include="..\src\cdrom.c">
      <Filter>Source Files\src</Filter>
    </ClCompile>
    <ClCompile Include="..\src\op.c">
      <Filter>Source Files\src</Filter>
    </ClCompile>
    <ClCompile Include="..\src\tom.c">
      <Filter>Source Files\src</Filter>
    </ClCompile>
    <ClCompile Include="..\src\cdintf.c">
      <Filter>Source Files\src</Filter>
    </ClCompile>
    <ClCompile Include="..\src\event.c">
      <Filter>Source Files\src</Filter>
    </ClCompile>
    <ClCompile Include="..\src\filedb.c">
      <Filter>Source Files\src</Filter>
    </ClCompile>
    <ClCompile Include="..\src\crc32.c">
      <Filter>Source Files\src</Filter>
    </ClCompile>
    <ClCompile Include="..\src\eeprom.c">
      <Filter>Source Files\src</Filter>
    </ClCompile>
    <ClCompile Include="..\src\m68000\m68kinterface.c">
      <Filter>Source Files\src\m68000</Filter>
    </ClCompile>
    <ClCompile Include="..\src\m68000\readcpu.c">
      <Filter>Source Files\src\m68000</Filter>
    </ClCompile>
    <ClCompile Include="..\src\m68000\cpudefs.c">
      <Filter>Source Files\src\m68000</Filter>
    </ClCompile>
    <ClCompile Include="..\src\m68000\cpuemu.c">
      <Filter>Source Files\src\m68000</Filter>
    </ClCompile>
    <ClCompile Include="..\src\m68000\cpuextra.c">
      <Filter>Source Files\src\m68000</Filter>
    </ClCompile>
    <ClCompile Include="..\src\m68000\cpustbl.c">
      <Filter>Source Files\src\m68000</Filter>
    </ClCompile>
    <ClCompile Include="..\src\m68000\m68kdasm.c">
      <Filter>Source Files\src\m68000</Filter>
    </ClCompile>
    <ClCompile Include="..\src\jagstub1bios.c">
      <Filter>Source Files\src</Filter>
    </ClCompile>
    <ClCompile Include="..\src\jagstub2bios.c">
      <Filter>Source Files\src</Filter>
    </ClCompile>
    <ClCompile Include="..\src\jagbios.c">
      <Filter>Source Files\src</Filter>
    </ClCompile>
    <ClCompile Include="..\src\jagbios2.c">
      <Filter>Source Files\src</Filter>
    </ClCompile>
    <ClCompile Include="..\src\jagcdbios.c">
      <Filter>Source Files\src</Filter>
    </ClCompile>
    <ClCompile Include="..\src\jagdevcdbios.c">
      <Filter>Source Files\src</Filter>
    </ClCompile>
    <ClCompile Include="..\src\vjag_memory.c">
      <Filter>Source Files\src</Filter>
    </ClCompile>
    <ClCompile Include="..\src\wavetable.c">
      <Filter>Source Files\src</Filter>
    </ClCompile>
    <ClCompile Include="..\src\joystick.c">
      <Filter>Source Files\src</Filter>
    </ClCompile>
    <ClCompile Include="..\src\log.c">
      <Filter>Source Files\src</Filter>
    </ClCompile>
    <ClCompile Include="..\src\memtrack.c">
      <Filter>Source Files\src</Filter>
    </ClCompile>
    <ClCompile Include="..\src\mmu.c">
      <Filter>Source Files\src</Filter>
    </ClCompile>
    <ClCompile Include="..\src\settings.c">
      <Filter>Source Files\src</Filter>
    </ClCompile>
    <ClCompile Include="..\src\state.c">
      <Filter>Source Files\src</Filter>
    </ClCompile>
    <ClCompile Include="..\src\universalhdr.c">
      <Filter>Source Files\src</Filter>
    </ClCompile>
  </ItemGroup>
</Project>